
Microsoft Visual Studio Solution File, Format Version 12.00
# Visual Studio 14
VisualStudioVersion = 14.0.23107.0
MinimumVisualStudioVersion = 10.0.40219.1
Project("{2150E333-8FDC-42A3-9474-1A3956D46DE8}") = "Web", "Web", "{9D4BE29F-8CE8-44F7-B9EE-085B691B1142}"
EndProject
Project("{FAE04EC0-301F-11D3-BF4B-00C04F79EFBC}") = "DK.Framework.Web", "Web\DK.Framework.Web\DK.Framework.Web.csproj", "{D9E4DF12-A4C4-444E-A43C-BCF070EDB078}"
EndProject
Project("{2150E333-8FDC-42A3-9474-1A3956D46DE8}") = "Core", "Core", "{4820A967-5AA6-4AD6-865D-169B45348CD2}"
EndProject
Project("{2150E333-8FDC-42A3-9474-1A3956D46DE8}") = "Store", "Store", "{5C6248E9-525E-433A-96A0-6EB26F227DA2}"
EndProject
Project("{2150E333-8FDC-42A3-9474-1A3956D46DE8}") = "Tests", "Tests", "{4CACEB16-BD61-49ED-B076-998A71F307A8}"
EndProject
Project("{FAE04EC0-301F-11D3-BF4B-00C04F79EFBC}") = "DK.Framework.UWP", "Store\DK.Framework.UWP\DK.Framework.UWP.csproj", "{F1E8F2FF-140B-4C2E-9A35-580FBC1827D2}"
EndProject
Project("{FAE04EC0-301F-11D3-BF4B-00C04F79EFBC}") = "DK.Framework.Core", "Core\DK.Framework.Core\DK.Framework.Core.csproj", "{DBF2A7A5-9FF9-4C5F-A930-C8FE5BAD0290}"
EndProject
Project("{FAE04EC0-301F-11D3-BF4B-00C04F79EFBC}") = "DK.Framework.UWP.Test", "Store\Tests\DK.Framework.UWP.Test\DK.Framework.UWP.Test.csproj", "{CF7A3A93-2FF1-4409-8BC3-3E4F4F4AEDE9}"
EndProject
Global
	GlobalSection(SolutionConfigurationPlatforms) = preSolution
		Debug|Any CPU = Debug|Any CPU
		Debug|ARM = Debug|ARM
		Debug|Mixed Platforms = Debug|Mixed Platforms
		Debug|x64 = Debug|x64
		Debug|x86 = Debug|x86
		Release|Any CPU = Release|Any CPU
		Release|ARM = Release|ARM
		Release|Mixed Platforms = Release|Mixed Platforms
		Release|x64 = Release|x64
		Release|x86 = Release|x86
	EndGlobalSection
	GlobalSection(ProjectConfigurationPlatforms) = postSolution
		{D9E4DF12-A4C4-444E-A43C-BCF070EDB078}.Debug|Any CPU.ActiveCfg = Debug|Any CPU
		{D9E4DF12-A4C4-444E-A43C-BCF070EDB078}.Debug|Any CPU.Build.0 = Debug|Any CPU
		{D9E4DF12-A4C4-444E-A43C-BCF070EDB078}.Debug|ARM.ActiveCfg = Debug|Any CPU
		{D9E4DF12-A4C4-444E-A43C-BCF070EDB078}.Debug|ARM.Build.0 = Debug|Any CPU
		{D9E4DF12-A4C4-444E-A43C-BCF070EDB078}.Debug|Mixed Platforms.ActiveCfg = Debug|Any CPU
		{D9E4DF12-A4C4-444E-A43C-BCF070EDB078}.Debug|Mixed Platforms.Build.0 = Debug|Any CPU
		{D9E4DF12-A4C4-444E-A43C-BCF070EDB078}.Debug|x64.ActiveCfg = Debug|Any CPU
		{D9E4DF12-A4C4-444E-A43C-BCF070EDB078}.Debug|x64.Build.0 = Debug|Any CPU
		{D9E4DF12-A4C4-444E-A43C-BCF070EDB078}.Debug|x86.ActiveCfg = Debug|Any CPU
		{D9E4DF12-A4C4-444E-A43C-BCF070EDB078}.Debug|x86.Build.0 = Debug|Any CPU
		{D9E4DF12-A4C4-444E-A43C-BCF070EDB078}.Release|Any CPU.ActiveCfg = Release|Any CPU
		{D9E4DF12-A4C4-444E-A43C-BCF070EDB078}.Release|Any CPU.Build.0 = Release|Any CPU
		{D9E4DF12-A4C4-444E-A43C-BCF070EDB078}.Release|ARM.ActiveCfg = Release|Any CPU
		{D9E4DF12-A4C4-444E-A43C-BCF070EDB078}.Release|Mixed Platforms.ActiveCfg = Release|Any CPU
		{D9E4DF12-A4C4-444E-A43C-BCF070EDB078}.Release|Mixed Platforms.Build.0 = Release|Any CPU
		{D9E4DF12-A4C4-444E-A43C-BCF070EDB078}.Release|x64.ActiveCfg = Release|Any CPU
		{D9E4DF12-A4C4-444E-A43C-BCF070EDB078}.Release|x86.ActiveCfg = Release|Any CPU
		{F1E8F2FF-140B-4C2E-9A35-580FBC1827D2}.Debug|Any CPU.ActiveCfg = Debug|Any CPU
		{F1E8F2FF-140B-4C2E-9A35-580FBC1827D2}.Debug|Any CPU.Build.0 = Debug|Any CPU
		{F1E8F2FF-140B-4C2E-9A35-580FBC1827D2}.Debug|ARM.ActiveCfg = Debug|ARM
		{F1E8F2FF-140B-4C2E-9A35-580FBC1827D2}.Debug|ARM.Build.0 = Debug|ARM
		{F1E8F2FF-140B-4C2E-9A35-580FBC1827D2}.Debug|Mixed Platforms.ActiveCfg = Debug|x86
		{F1E8F2FF-140B-4C2E-9A35-580FBC1827D2}.Debug|Mixed Platforms.Build.0 = Debug|x86
		{F1E8F2FF-140B-4C2E-9A35-580FBC1827D2}.Debug|x64.ActiveCfg = Debug|x64
		{F1E8F2FF-140B-4C2E-9A35-580FBC1827D2}.Debug|x64.Build.0 = Debug|x64
		{F1E8F2FF-140B-4C2E-9A35-580FBC1827D2}.Debug|x86.ActiveCfg = Debug|x86
		{F1E8F2FF-140B-4C2E-9A35-580FBC1827D2}.Debug|x86.Build.0 = Debug|x86
		{F1E8F2FF-140B-4C2E-9A35-580FBC1827D2}.Release|Any CPU.ActiveCfg = Release|Any CPU
		{F1E8F2FF-140B-4C2E-9A35-580FBC1827D2}.Release|Any CPU.Build.0 = Release|Any CPU
		{F1E8F2FF-140B-4C2E-9A35-580FBC1827D2}.Release|ARM.ActiveCfg = Release|ARM
		{F1E8F2FF-140B-4C2E-9A35-580FBC1827D2}.Release|ARM.Build.0 = Release|ARM
		{F1E8F2FF-140B-4C2E-9A35-580FBC1827D2}.Release|Mixed Platforms.ActiveCfg = Release|x86
		{F1E8F2FF-140B-4C2E-9A35-580FBC1827D2}.Release|Mixed Platforms.Build.0 = Release|x86
		{F1E8F2FF-140B-4C2E-9A35-580FBC1827D2}.Release|x64.ActiveCfg = Release|x64
		{F1E8F2FF-140B-4C2E-9A35-580FBC1827D2}.Release|x64.Build.0 = Release|x64
		{F1E8F2FF-140B-4C2E-9A35-580FBC1827D2}.Release|x86.ActiveCfg = Release|x86
		{F1E8F2FF-140B-4C2E-9A35-580FBC1827D2}.Release|x86.Build.0 = Release|x86
		{DBF2A7A5-9FF9-4C5F-A930-C8FE5BAD0290}.Debug|Any CPU.ActiveCfg = Debug|Any CPU
		{DBF2A7A5-9FF9-4C5F-A930-C8FE5BAD0290}.Debug|Any CPU.Build.0 = Debug|Any CPU
		{DBF2A7A5-9FF9-4C5F-A930-C8FE5BAD0290}.Debug|ARM.ActiveCfg = Debug|Any CPU
		{DBF2A7A5-9FF9-4C5F-A930-C8FE5BAD0290}.Debug|ARM.Build.0 = Debug|Any CPU
		{DBF2A7A5-9FF9-4C5F-A930-C8FE5BAD0290}.Debug|Mixed Platforms.ActiveCfg = Debug|Any CPU
		{DBF2A7A5-9FF9-4C5F-A930-C8FE5BAD0290}.Debug|Mixed Platforms.Build.0 = Debug|Any CPU
		{DBF2A7A5-9FF9-4C5F-A930-C8FE5BAD0290}.Debug|x64.ActiveCfg = Debug|Any CPU
		{DBF2A7A5-9FF9-4C5F-A930-C8FE5BAD0290}.Debug|x64.Build.0 = Debug|Any CPU
		{DBF2A7A5-9FF9-4C5F-A930-C8FE5BAD0290}.Debug|x86.ActiveCfg = Debug|Any CPU
		{DBF2A7A5-9FF9-4C5F-A930-C8FE5BAD0290}.Debug|x86.Build.0 = Debug|Any CPU
		{DBF2A7A5-9FF9-4C5F-A930-C8FE5BAD0290}.Release|Any CPU.ActiveCfg = Release|Any CPU
		{DBF2A7A5-9FF9-4C5F-A930-C8FE5BAD0290}.Release|Any CPU.Build.0 = Release|Any CPU
		{DBF2A7A5-9FF9-4C5F-A930-C8FE5BAD0290}.Release|ARM.ActiveCfg = Release|Any CPU
		{DBF2A7A5-9FF9-4C5F-A930-C8FE5BAD0290}.Release|ARM.Build.0 = Release|Any CPU
		{DBF2A7A5-9FF9-4C5F-A930-C8FE5BAD0290}.Release|Mixed Platforms.ActiveCfg = Release|Any CPU
		{DBF2A7A5-9FF9-4C5F-A930-C8FE5BAD0290}.Release|Mixed Platforms.Build.0 = Release|Any CPU
		{DBF2A7A5-9FF9-4C5F-A930-C8FE5BAD0290}.Release|x64.ActiveCfg = Release|Any CPU
		{DBF2A7A5-9FF9-4C5F-A930-C8FE5BAD0290}.Release|x64.Build.0 = Release|Any CPU
		{DBF2A7A5-9FF9-4C5F-A930-C8FE5BAD0290}.Release|x86.ActiveCfg = Release|Any CPU
		{DBF2A7A5-9FF9-4C5F-A930-C8FE5BAD0290}.Release|x86.Build.0 = Release|Any CPU
		{CF7A3A93-2FF1-4409-8BC3-3E4F4F4AEDE9}.Debug|Any CPU.ActiveCfg = Debug|x86
		{CF7A3A93-2FF1-4409-8BC3-3E4F4F4AEDE9}.Debug|ARM.ActiveCfg = Debug|ARM
		{CF7A3A93-2FF1-4409-8BC3-3E4F4F4AEDE9}.Debug|ARM.Build.0 = Debug|ARM
		{CF7A3A93-2FF1-4409-8BC3-3E4F4F4AEDE9}.Debug|ARM.Deploy.0 = Debug|ARM
		{CF7A3A93-2FF1-4409-8BC3-3E4F4F4AEDE9}.Debug|Mixed Platforms.ActiveCfg = Debug|x86
		{CF7A3A93-2FF1-4409-8BC3-3E4F4F4AEDE9}.Debug|Mixed Platforms.Build.0 = Debug|x86
		{CF7A3A93-2FF1-4409-8BC3-3E4F4F4AEDE9}.Debug|Mixed Platforms.Deploy.0 = Debug|x86
		{CF7A3A93-2FF1-4409-8BC3-3E4F4F4AEDE9}.Debug|x64.ActiveCfg = Debug|x64
		{CF7A3A93-2FF1-4409-8BC3-3E4F4F4AEDE9}.Debug|x64.Build.0 = Debug|x64
		{CF7A3A93-2FF1-4409-8BC3-3E4F4F4AEDE9}.Debug|x64.Deploy.0 = Debug|x64
		{CF7A3A93-2FF1-4409-8BC3-3E4F4F4AEDE9}.Debug|x86.ActiveCfg = Debug|x86
		{CF7A3A93-2FF1-4409-8BC3-3E4F4F4AEDE9}.Debug|x86.Build.0 = Debug|x86
		{CF7A3A93-2FF1-4409-8BC3-3E4F4F4AEDE9}.Debug|x86.Deploy.0 = Debug|x86
		{CF7A3A93-2FF1-4409-8BC3-3E4F4F4AEDE9}.Release|Any CPU.ActiveCfg = Release|x86
		{CF7A3A93-2FF1-4409-8BC3-3E4F4F4AEDE9}.Release|ARM.ActiveCfg = Release|ARM
		{CF7A3A93-2FF1-4409-8BC3-3E4F4F4AEDE9}.Release|ARM.Build.0 = Release|ARM
		{CF7A3A93-2FF1-4409-8BC3-3E4F4F4AEDE9}.Release|ARM.Deploy.0 = Release|ARM
		{CF7A3A93-2FF1-4409-8BC3-3E4F4F4AEDE9}.Release|Mixed Platforms.ActiveCfg = Release|x86
		{CF7A3A93-2FF1-4409-8BC3-3E4F4F4AEDE9}.Release|Mixed Platforms.Build.0 = Release|x86
		{CF7A3A93-2FF1-4409-8BC3-3E4F4F4AEDE9}.Release|Mixed Platforms.Deploy.0 = Release|x86
		{CF7A3A93-2FF1-4409-8BC3-3E4F4F4AEDE9}.Release|x64.ActiveCfg = Release|x64
		{CF7A3A93-2FF1-4409-8BC3-3E4F4F4AEDE9}.Release|x64.Build.0 = Release|x64
		{CF7A3A93-2FF1-4409-8BC3-3E4F4F4AEDE9}.Release|x64.Deploy.0 = Release|x64
		{CF7A3A93-2FF1-4409-8BC3-3E4F4F4AEDE9}.Release|x86.ActiveCfg = Release|x86
		{CF7A3A93-2FF1-4409-8BC3-3E4F4F4AEDE9}.Release|x86.Build.0 = Release|x86
		{CF7A3A93-2FF1-4409-8BC3-3E4F4F4AEDE9}.Release|x86.Deploy.0 = Release|x86
	EndGlobalSection
	GlobalSection(SolutionProperties) = preSolution
		HideSolutionNode = FALSE
	EndGlobalSection
	GlobalSection(NestedProjects) = preSolution
		{D9E4DF12-A4C4-444E-A43C-BCF070EDB078} = {9D4BE29F-8CE8-44F7-B9EE-085B691B1142}
		{4CACEB16-BD61-49ED-B076-998A71F307A8} = {5C6248E9-525E-433A-96A0-6EB26F227DA2}
		{F1E8F2FF-140B-4C2E-9A35-580FBC1827D2} = {5C6248E9-525E-433A-96A0-6EB26F227DA2}
		{DBF2A7A5-9FF9-4C5F-A930-C8FE5BAD0290} = {4820A967-5AA6-4AD6-865D-169B45348CD2}
		{CF7A3A93-2FF1-4409-8BC3-3E4F4F4AEDE9} = {4CACEB16-BD61-49ED-B076-998A71F307A8}
	EndGlobalSection
EndGlobal
