
Microsoft Visual Studio Solution File, Format Version 12.00
# Visual Studio 14
VisualStudioVersion = 14.0.22823.1
MinimumVisualStudioVersion = 10.0.40219.1
Project("{2150E333-8FDC-42A3-9474-1A3956D46DE8}") = "Web", "Web", "{9D4BE29F-8CE8-44F7-B9EE-085B691B1142}"
EndProject
Project("{FAE04EC0-301F-11D3-BF4B-00C04F79EFBC}") = "DK.Framework.Web", "Web\DK.Framework.Web\DK.Framework.Web.csproj", "{D9E4DF12-A4C4-444E-A43C-BCF070EDB078}"
EndProject
Project("{2150E333-8FDC-42A3-9474-1A3956D46DE8}") = "Core", "Core", "{4820A967-5AA6-4AD6-865D-169B45348CD2}"
EndProject
Project("{FAE04EC0-301F-11D3-BF4B-00C04F79EFBC}") = "DK.Framework.Core", "Core\DK.Framework.Core\DK.Framework.Core.csproj", "{4A969959-24A9-4F31-B9DB-C5D6080D7723}"
EndProject
Project("{2150E333-8FDC-42A3-9474-1A3956D46DE8}") = "Store", "Store", "{5C6248E9-525E-433A-96A0-6EB26F227DA2}"
EndProject
Project("{FAE04EC0-301F-11D3-BF4B-00C04F79EFBC}") = "DK.Framework.Store", "Store\DK.Framework.Store\DK.Framework.Store.csproj", "{C9C35709-79E9-484B-9D51-FCFB64B13E26}"
EndProject
Project("{FAE04EC0-301F-11D3-BF4B-00C04F79EFBC}") = "DK.Framework.Store.Win8", "Store\DK.Framework.Store.Win8\DK.Framework.Store.Win8.csproj", "{EE7A024B-FE2A-4BE1-B1E1-57DFC3673856}"
EndProject
Project("{FAE04EC0-301F-11D3-BF4B-00C04F79EFBC}") = "DK.Framework.Store.WinPhone8", "Store\DK.Framework.Store.WinPhone8\DK.Framework.Store.WinPhone8.csproj", "{64ACEF8D-B133-46B0-A97E-18880D73019D}"
EndProject
Project("{2150E333-8FDC-42A3-9474-1A3956D46DE8}") = "Tests", "Tests", "{4CACEB16-BD61-49ED-B076-998A71F307A8}"
EndProject
Project("{FAE04EC0-301F-11D3-BF4B-00C04F79EFBC}") = "DK.Framework.Store.Win8.Tests", "Tests\DK.Framework.Store.Win8.Tests\DK.Framework.Store.Win8.Tests.csproj", "{3A3F756E-FAEC-42FC-9096-E4EF76FEB45C}"
EndProject
Project("{FAE04EC0-301F-11D3-BF4B-00C04F79EFBC}") = "DK.Framework.Store.WinPhone8.Tests", "Tests\DK.Framework.Store.WinPhone8.Tests\DK.Framework.Store.WinPhone8.Tests.csproj", "{666CDA53-B41C-4A23-9AA9-98BD580FC25C}"
EndProject
Project("{FAE04EC0-301F-11D3-BF4B-00C04F79EFBC}") = "DK.Framework.Store.NotificationsExtensions", "Store\DK.Framework.Store.NotificationsExtensions\DK.Framework.Store.NotificationsExtensions.csproj", "{17C658D7-5FEF-4DB5-8EFC-31421B327BD0}"
EndProject
Project("{2150E333-8FDC-42A3-9474-1A3956D46DE8}") = "Windows 8", "Windows 8", "{3061AAED-1FCF-4494-AC80-91DDE9415800}"
EndProject
Global
	GlobalSection(SolutionConfigurationPlatforms) = preSolution
		Debug|Any CPU = Debug|Any CPU
		Debug|ARM = Debug|ARM
		Debug|Mixed Platforms = Debug|Mixed Platforms
		Debug|x64 = Debug|x64
		Debug|x86 = Debug|x86
		Release|Any CPU = Release|Any CPU
		Release|ARM = Release|ARM
		Release|Mixed Platforms = Release|Mixed Platforms
		Release|x64 = Release|x64
		Release|x86 = Release|x86
	EndGlobalSection
	GlobalSection(ProjectConfigurationPlatforms) = postSolution
		{D9E4DF12-A4C4-444E-A43C-BCF070EDB078}.Debug|Any CPU.ActiveCfg = Debug|Any CPU
		{D9E4DF12-A4C4-444E-A43C-BCF070EDB078}.Debug|Any CPU.Build.0 = Debug|Any CPU
		{D9E4DF12-A4C4-444E-A43C-BCF070EDB078}.Debug|ARM.ActiveCfg = Debug|Any CPU
		{D9E4DF12-A4C4-444E-A43C-BCF070EDB078}.Debug|ARM.Build.0 = Debug|Any CPU
		{D9E4DF12-A4C4-444E-A43C-BCF070EDB078}.Debug|Mixed Platforms.ActiveCfg = Debug|Any CPU
		{D9E4DF12-A4C4-444E-A43C-BCF070EDB078}.Debug|Mixed Platforms.Build.0 = Debug|Any CPU
		{D9E4DF12-A4C4-444E-A43C-BCF070EDB078}.Debug|x64.ActiveCfg = Debug|Any CPU
		{D9E4DF12-A4C4-444E-A43C-BCF070EDB078}.Debug|x64.Build.0 = Debug|Any CPU
		{D9E4DF12-A4C4-444E-A43C-BCF070EDB078}.Debug|x86.ActiveCfg = Debug|Any CPU
		{D9E4DF12-A4C4-444E-A43C-BCF070EDB078}.Debug|x86.Build.0 = Debug|Any CPU
		{D9E4DF12-A4C4-444E-A43C-BCF070EDB078}.Release|Any CPU.ActiveCfg = Release|Any CPU
		{D9E4DF12-A4C4-444E-A43C-BCF070EDB078}.Release|Any CPU.Build.0 = Release|Any CPU
		{D9E4DF12-A4C4-444E-A43C-BCF070EDB078}.Release|ARM.ActiveCfg = Release|Any CPU
		{D9E4DF12-A4C4-444E-A43C-BCF070EDB078}.Release|Mixed Platforms.ActiveCfg = Release|Any CPU
		{D9E4DF12-A4C4-444E-A43C-BCF070EDB078}.Release|Mixed Platforms.Build.0 = Release|Any CPU
		{D9E4DF12-A4C4-444E-A43C-BCF070EDB078}.Release|x64.ActiveCfg = Release|Any CPU
		{D9E4DF12-A4C4-444E-A43C-BCF070EDB078}.Release|x86.ActiveCfg = Release|Any CPU
		{4A969959-24A9-4F31-B9DB-C5D6080D7723}.Debug|Any CPU.ActiveCfg = Debug|Any CPU
		{4A969959-24A9-4F31-B9DB-C5D6080D7723}.Debug|Any CPU.Build.0 = Debug|Any CPU
		{4A969959-24A9-4F31-B9DB-C5D6080D7723}.Debug|ARM.ActiveCfg = Debug|Any CPU
		{4A969959-24A9-4F31-B9DB-C5D6080D7723}.Debug|Mixed Platforms.ActiveCfg = Debug|Any CPU
		{4A969959-24A9-4F31-B9DB-C5D6080D7723}.Debug|Mixed Platforms.Build.0 = Debug|Any CPU
		{4A969959-24A9-4F31-B9DB-C5D6080D7723}.Debug|x64.ActiveCfg = Debug|Any CPU
		{4A969959-24A9-4F31-B9DB-C5D6080D7723}.Debug|x86.ActiveCfg = Debug|Any CPU
		{4A969959-24A9-4F31-B9DB-C5D6080D7723}.Release|Any CPU.ActiveCfg = Release|Any CPU
		{4A969959-24A9-4F31-B9DB-C5D6080D7723}.Release|Any CPU.Build.0 = Release|Any CPU
		{4A969959-24A9-4F31-B9DB-C5D6080D7723}.Release|ARM.ActiveCfg = Release|Any CPU
		{4A969959-24A9-4F31-B9DB-C5D6080D7723}.Release|Mixed Platforms.ActiveCfg = Release|Any CPU
		{4A969959-24A9-4F31-B9DB-C5D6080D7723}.Release|Mixed Platforms.Build.0 = Release|Any CPU
		{4A969959-24A9-4F31-B9DB-C5D6080D7723}.Release|x64.ActiveCfg = Release|Any CPU
		{4A969959-24A9-4F31-B9DB-C5D6080D7723}.Release|x86.ActiveCfg = Release|Any CPU
		{C9C35709-79E9-484B-9D51-FCFB64B13E26}.Debug|Any CPU.ActiveCfg = Debug|Any CPU
		{C9C35709-79E9-484B-9D51-FCFB64B13E26}.Debug|Any CPU.Build.0 = Debug|Any CPU
		{C9C35709-79E9-484B-9D51-FCFB64B13E26}.Debug|ARM.ActiveCfg = Debug|Any CPU
		{C9C35709-79E9-484B-9D51-FCFB64B13E26}.Debug|Mixed Platforms.ActiveCfg = Debug|Any CPU
		{C9C35709-79E9-484B-9D51-FCFB64B13E26}.Debug|Mixed Platforms.Build.0 = Debug|Any CPU
		{C9C35709-79E9-484B-9D51-FCFB64B13E26}.Debug|x64.ActiveCfg = Debug|Any CPU
		{C9C35709-79E9-484B-9D51-FCFB64B13E26}.Debug|x86.ActiveCfg = Debug|Any CPU
		{C9C35709-79E9-484B-9D51-FCFB64B13E26}.Release|Any CPU.ActiveCfg = Release|Any CPU
		{C9C35709-79E9-484B-9D51-FCFB64B13E26}.Release|Any CPU.Build.0 = Release|Any CPU
		{C9C35709-79E9-484B-9D51-FCFB64B13E26}.Release|ARM.ActiveCfg = Release|Any CPU
		{C9C35709-79E9-484B-9D51-FCFB64B13E26}.Release|Mixed Platforms.ActiveCfg = Release|Any CPU
		{C9C35709-79E9-484B-9D51-FCFB64B13E26}.Release|Mixed Platforms.Build.0 = Release|Any CPU
		{C9C35709-79E9-484B-9D51-FCFB64B13E26}.Release|x64.ActiveCfg = Release|Any CPU
		{C9C35709-79E9-484B-9D51-FCFB64B13E26}.Release|x86.ActiveCfg = Release|Any CPU
		{EE7A024B-FE2A-4BE1-B1E1-57DFC3673856}.Debug|Any CPU.ActiveCfg = Debug|Any CPU
		{EE7A024B-FE2A-4BE1-B1E1-57DFC3673856}.Debug|Any CPU.Build.0 = Debug|Any CPU
		{EE7A024B-FE2A-4BE1-B1E1-57DFC3673856}.Debug|ARM.ActiveCfg = Debug|Any CPU
		{EE7A024B-FE2A-4BE1-B1E1-57DFC3673856}.Debug|ARM.Build.0 = Debug|Any CPU
		{EE7A024B-FE2A-4BE1-B1E1-57DFC3673856}.Debug|Mixed Platforms.ActiveCfg = Debug|Any CPU
		{EE7A024B-FE2A-4BE1-B1E1-57DFC3673856}.Debug|Mixed Platforms.Build.0 = Debug|Any CPU
		{EE7A024B-FE2A-4BE1-B1E1-57DFC3673856}.Debug|x64.ActiveCfg = Debug|Any CPU
		{EE7A024B-FE2A-4BE1-B1E1-57DFC3673856}.Debug|x64.Build.0 = Debug|Any CPU
		{EE7A024B-FE2A-4BE1-B1E1-57DFC3673856}.Debug|x86.ActiveCfg = Debug|Any CPU
		{EE7A024B-FE2A-4BE1-B1E1-57DFC3673856}.Debug|x86.Build.0 = Debug|Any CPU
		{EE7A024B-FE2A-4BE1-B1E1-57DFC3673856}.Release|Any CPU.ActiveCfg = Release|Any CPU
		{EE7A024B-FE2A-4BE1-B1E1-57DFC3673856}.Release|Any CPU.Build.0 = Release|Any CPU
		{EE7A024B-FE2A-4BE1-B1E1-57DFC3673856}.Release|ARM.ActiveCfg = Release|ARM
		{EE7A024B-FE2A-4BE1-B1E1-57DFC3673856}.Release|ARM.Build.0 = Release|ARM
		{EE7A024B-FE2A-4BE1-B1E1-57DFC3673856}.Release|Mixed Platforms.ActiveCfg = Release|Any CPU
		{EE7A024B-FE2A-4BE1-B1E1-57DFC3673856}.Release|Mixed Platforms.Build.0 = Release|Any CPU
		{EE7A024B-FE2A-4BE1-B1E1-57DFC3673856}.Release|x64.ActiveCfg = Release|x64
		{EE7A024B-FE2A-4BE1-B1E1-57DFC3673856}.Release|x64.Build.0 = Release|x64
		{EE7A024B-FE2A-4BE1-B1E1-57DFC3673856}.Release|x86.ActiveCfg = Release|x86
		{EE7A024B-FE2A-4BE1-B1E1-57DFC3673856}.Release|x86.Build.0 = Release|x86
		{64ACEF8D-B133-46B0-A97E-18880D73019D}.Debug|Any CPU.ActiveCfg = Debug|ARM
		{64ACEF8D-B133-46B0-A97E-18880D73019D}.Debug|Any CPU.Build.0 = Debug|ARM
		{64ACEF8D-B133-46B0-A97E-18880D73019D}.Debug|ARM.ActiveCfg = Debug|Any CPU
		{64ACEF8D-B133-46B0-A97E-18880D73019D}.Debug|ARM.Build.0 = Debug|Any CPU
		{64ACEF8D-B133-46B0-A97E-18880D73019D}.Debug|Mixed Platforms.ActiveCfg = Debug|Any CPU
		{64ACEF8D-B133-46B0-A97E-18880D73019D}.Debug|Mixed Platforms.Build.0 = Debug|Any CPU
		{64ACEF8D-B133-46B0-A97E-18880D73019D}.Debug|x64.ActiveCfg = Debug|Any CPU
		{64ACEF8D-B133-46B0-A97E-18880D73019D}.Debug|x64.Build.0 = Debug|Any CPU
		{64ACEF8D-B133-46B0-A97E-18880D73019D}.Debug|x86.ActiveCfg = Debug|Any CPU
		{64ACEF8D-B133-46B0-A97E-18880D73019D}.Debug|x86.Build.0 = Debug|Any CPU
		{64ACEF8D-B133-46B0-A97E-18880D73019D}.Release|Any CPU.ActiveCfg = Release|Any CPU
		{64ACEF8D-B133-46B0-A97E-18880D73019D}.Release|Any CPU.Build.0 = Release|Any CPU
		{64ACEF8D-B133-46B0-A97E-18880D73019D}.Release|ARM.ActiveCfg = Release|ARM
		{64ACEF8D-B133-46B0-A97E-18880D73019D}.Release|ARM.Build.0 = Release|ARM
		{64ACEF8D-B133-46B0-A97E-18880D73019D}.Release|Mixed Platforms.ActiveCfg = Release|Any CPU
		{64ACEF8D-B133-46B0-A97E-18880D73019D}.Release|Mixed Platforms.Build.0 = Release|Any CPU
		{64ACEF8D-B133-46B0-A97E-18880D73019D}.Release|x64.ActiveCfg = Release|Any CPU
		{64ACEF8D-B133-46B0-A97E-18880D73019D}.Release|x86.ActiveCfg = Release|x86
		{64ACEF8D-B133-46B0-A97E-18880D73019D}.Release|x86.Build.0 = Release|x86
		{3A3F756E-FAEC-42FC-9096-E4EF76FEB45C}.Debug|Any CPU.ActiveCfg = Debug|Any CPU
		{3A3F756E-FAEC-42FC-9096-E4EF76FEB45C}.Debug|Any CPU.Build.0 = Debug|Any CPU
		{3A3F756E-FAEC-42FC-9096-E4EF76FEB45C}.Debug|Any CPU.Deploy.0 = Debug|Any CPU
		{3A3F756E-FAEC-42FC-9096-E4EF76FEB45C}.Debug|ARM.ActiveCfg = Debug|Any CPU
		{3A3F756E-FAEC-42FC-9096-E4EF76FEB45C}.Debug|ARM.Build.0 = Debug|Any CPU
		{3A3F756E-FAEC-42FC-9096-E4EF76FEB45C}.Debug|ARM.Deploy.0 = Debug|Any CPU
		{3A3F756E-FAEC-42FC-9096-E4EF76FEB45C}.Debug|Mixed Platforms.ActiveCfg = Debug|Any CPU
		{3A3F756E-FAEC-42FC-9096-E4EF76FEB45C}.Debug|x64.ActiveCfg = Debug|Any CPU
		{3A3F756E-FAEC-42FC-9096-E4EF76FEB45C}.Debug|x64.Build.0 = Debug|Any CPU
		{3A3F756E-FAEC-42FC-9096-E4EF76FEB45C}.Debug|x64.Deploy.0 = Debug|Any CPU
		{3A3F756E-FAEC-42FC-9096-E4EF76FEB45C}.Debug|x86.ActiveCfg = Debug|Any CPU
		{3A3F756E-FAEC-42FC-9096-E4EF76FEB45C}.Debug|x86.Build.0 = Debug|Any CPU
		{3A3F756E-FAEC-42FC-9096-E4EF76FEB45C}.Debug|x86.Deploy.0 = Debug|Any CPU
		{3A3F756E-FAEC-42FC-9096-E4EF76FEB45C}.Release|Any CPU.ActiveCfg = Release|Any CPU
		{3A3F756E-FAEC-42FC-9096-E4EF76FEB45C}.Release|ARM.ActiveCfg = Release|ARM
		{3A3F756E-FAEC-42FC-9096-E4EF76FEB45C}.Release|ARM.Build.0 = Release|ARM
		{3A3F756E-FAEC-42FC-9096-E4EF76FEB45C}.Release|ARM.Deploy.0 = Release|ARM
		{3A3F756E-FAEC-42FC-9096-E4EF76FEB45C}.Release|Mixed Platforms.ActiveCfg = Release|x86
		{3A3F756E-FAEC-42FC-9096-E4EF76FEB45C}.Release|x64.ActiveCfg = Release|x64
		{3A3F756E-FAEC-42FC-9096-E4EF76FEB45C}.Release|x64.Build.0 = Release|x64
		{3A3F756E-FAEC-42FC-9096-E4EF76FEB45C}.Release|x64.Deploy.0 = Release|x64
		{3A3F756E-FAEC-42FC-9096-E4EF76FEB45C}.Release|x86.ActiveCfg = Release|x86
		{3A3F756E-FAEC-42FC-9096-E4EF76FEB45C}.Release|x86.Build.0 = Release|x86
		{3A3F756E-FAEC-42FC-9096-E4EF76FEB45C}.Release|x86.Deploy.0 = Release|x86
		{666CDA53-B41C-4A23-9AA9-98BD580FC25C}.Debug|Any CPU.ActiveCfg = Debug|ARM
		{666CDA53-B41C-4A23-9AA9-98BD580FC25C}.Debug|Any CPU.Build.0 = Debug|ARM
		{666CDA53-B41C-4A23-9AA9-98BD580FC25C}.Debug|Any CPU.Deploy.0 = Debug|ARM
		{666CDA53-B41C-4A23-9AA9-98BD580FC25C}.Debug|ARM.ActiveCfg = Debug|x86
		{666CDA53-B41C-4A23-9AA9-98BD580FC25C}.Debug|ARM.Build.0 = Debug|x86
		{666CDA53-B41C-4A23-9AA9-98BD580FC25C}.Debug|ARM.Deploy.0 = Debug|x86
		{666CDA53-B41C-4A23-9AA9-98BD580FC25C}.Debug|Mixed Platforms.ActiveCfg = Debug|x86
		{666CDA53-B41C-4A23-9AA9-98BD580FC25C}.Debug|x64.ActiveCfg = Debug|x86
		{666CDA53-B41C-4A23-9AA9-98BD580FC25C}.Debug|x64.Build.0 = Debug|x86
		{666CDA53-B41C-4A23-9AA9-98BD580FC25C}.Debug|x64.Deploy.0 = Debug|x86
		{666CDA53-B41C-4A23-9AA9-98BD580FC25C}.Debug|x86.ActiveCfg = Debug|x86
		{666CDA53-B41C-4A23-9AA9-98BD580FC25C}.Debug|x86.Build.0 = Debug|x86
		{666CDA53-B41C-4A23-9AA9-98BD580FC25C}.Debug|x86.Deploy.0 = Debug|x86
		{666CDA53-B41C-4A23-9AA9-98BD580FC25C}.Release|Any CPU.ActiveCfg = Release|ARM
		{666CDA53-B41C-4A23-9AA9-98BD580FC25C}.Release|ARM.ActiveCfg = Release|ARM
		{666CDA53-B41C-4A23-9AA9-98BD580FC25C}.Release|ARM.Build.0 = Release|ARM
		{666CDA53-B41C-4A23-9AA9-98BD580FC25C}.Release|ARM.Deploy.0 = Release|ARM
		{666CDA53-B41C-4A23-9AA9-98BD580FC25C}.Release|Mixed Platforms.ActiveCfg = Release|x86
		{666CDA53-B41C-4A23-9AA9-98BD580FC25C}.Release|x64.ActiveCfg = Release|x86
		{666CDA53-B41C-4A23-9AA9-98BD580FC25C}.Release|x86.ActiveCfg = Release|x86
		{666CDA53-B41C-4A23-9AA9-98BD580FC25C}.Release|x86.Build.0 = Release|x86
		{666CDA53-B41C-4A23-9AA9-98BD580FC25C}.Release|x86.Deploy.0 = Release|x86
		{17C658D7-5FEF-4DB5-8EFC-31421B327BD0}.Debug|Any CPU.ActiveCfg = Debug|Any CPU
		{17C658D7-5FEF-4DB5-8EFC-31421B327BD0}.Debug|Any CPU.Build.0 = Debug|Any CPU
		{17C658D7-5FEF-4DB5-8EFC-31421B327BD0}.Debug|ARM.ActiveCfg = Debug|Any CPU
		{17C658D7-5FEF-4DB5-8EFC-31421B327BD0}.Debug|Mixed Platforms.ActiveCfg = Debug|Any CPU
		{17C658D7-5FEF-4DB5-8EFC-31421B327BD0}.Debug|Mixed Platforms.Build.0 = Debug|Any CPU
		{17C658D7-5FEF-4DB5-8EFC-31421B327BD0}.Debug|x64.ActiveCfg = Debug|Any CPU
		{17C658D7-5FEF-4DB5-8EFC-31421B327BD0}.Debug|x86.ActiveCfg = Debug|Any CPU
		{17C658D7-5FEF-4DB5-8EFC-31421B327BD0}.Release|Any CPU.ActiveCfg = Release|Any CPU
		{17C658D7-5FEF-4DB5-8EFC-31421B327BD0}.Release|Any CPU.Build.0 = Release|Any CPU
		{17C658D7-5FEF-4DB5-8EFC-31421B327BD0}.Release|ARM.ActiveCfg = Release|Any CPU
		{17C658D7-5FEF-4DB5-8EFC-31421B327BD0}.Release|Mixed Platforms.ActiveCfg = Release|Any CPU
		{17C658D7-5FEF-4DB5-8EFC-31421B327BD0}.Release|Mixed Platforms.Build.0 = Release|Any CPU
		{17C658D7-5FEF-4DB5-8EFC-31421B327BD0}.Release|x64.ActiveCfg = Release|Any CPU
		{17C658D7-5FEF-4DB5-8EFC-31421B327BD0}.Release|x86.ActiveCfg = Release|Any CPU
	EndGlobalSection
	GlobalSection(SolutionProperties) = preSolution
		HideSolutionNode = FALSE
	EndGlobalSection
	GlobalSection(NestedProjects) = preSolution
		{D9E4DF12-A4C4-444E-A43C-BCF070EDB078} = {9D4BE29F-8CE8-44F7-B9EE-085B691B1142}
		{4A969959-24A9-4F31-B9DB-C5D6080D7723} = {4820A967-5AA6-4AD6-865D-169B45348CD2}
		{C9C35709-79E9-484B-9D51-FCFB64B13E26} = {5C6248E9-525E-433A-96A0-6EB26F227DA2}
		{EE7A024B-FE2A-4BE1-B1E1-57DFC3673856} = {3061AAED-1FCF-4494-AC80-91DDE9415800}
		{64ACEF8D-B133-46B0-A97E-18880D73019D} = {3061AAED-1FCF-4494-AC80-91DDE9415800}
		{4CACEB16-BD61-49ED-B076-998A71F307A8} = {5C6248E9-525E-433A-96A0-6EB26F227DA2}
		{3A3F756E-FAEC-42FC-9096-E4EF76FEB45C} = {4CACEB16-BD61-49ED-B076-998A71F307A8}
		{666CDA53-B41C-4A23-9AA9-98BD580FC25C} = {4CACEB16-BD61-49ED-B076-998A71F307A8}
		{17C658D7-5FEF-4DB5-8EFC-31421B327BD0} = {5C6248E9-525E-433A-96A0-6EB26F227DA2}
		{3061AAED-1FCF-4494-AC80-91DDE9415800} = {5C6248E9-525E-433A-96A0-6EB26F227DA2}
	EndGlobalSection
EndGlobal
